
Microsoft Visual Studio Solution File, Format Version 12.00
# Visual Studio Version 17
VisualStudioVersion = 17.13.35825.156
MinimumVisualStudioVersion = 10.0.40219.1
Project("{FAE04EC0-301F-11D3-BF4B-00C04F79EFBC}") = "WordSearch.Core", "WordSearch.Core\WordSearch.Core.csproj", "{A8D9564F-EBEA-431D-956D-5BB75A25ADD5}"
EndProject
Project("{FAE04EC0-301F-11D3-BF4B-00C04F79EFBC}") = "Test", "Test\Test.csproj", "{7094F4AF-A3D6-4D68-804E-2FB6DF87FF76}"
EndProject
Project("{FAE04EC0-301F-11D3-BF4B-00C04F79EFBC}") = "WordSearch.API", "WordSearch.API\WordSearch.API.csproj", "{F8D33ED6-8B10-42C9-A505-682F62AE1610}"
EndProject
Global
	GlobalSection(SolutionConfigurationPlatforms) = preSolution
		Debug|Any CPU = Debug|Any CPU
		Release|Any CPU = Release|Any CPU
	EndGlobalSection
	GlobalSection(ProjectConfigurationPlatforms) = postSolution
		{A8D9564F-EBEA-431D-956D-5BB75A25ADD5}.Debug|Any CPU.ActiveCfg = Debug|Any CPU
		{A8D9564F-EBEA-431D-956D-5BB75A25ADD5}.Debug|Any CPU.Build.0 = Debug|Any CPU
		{A8D9564F-EBEA-431D-956D-5BB75A25ADD5}.Release|Any CPU.ActiveCfg = Release|Any CPU
		{A8D9564F-EBEA-431D-956D-5BB75A25ADD5}.Release|Any CPU.Build.0 = Release|Any CPU
		{7094F4AF-A3D6-4D68-804E-2FB6DF87FF76}.Debug|Any CPU.ActiveCfg = Debug|Any CPU
		{7094F4AF-A3D6-4D68-804E-2FB6DF87FF76}.Debug|Any CPU.Build.0 = Debug|Any CPU
		{7094F4AF-A3D6-4D68-804E-2FB6DF87FF76}.Release|Any CPU.ActiveCfg = Release|Any CPU
		{7094F4AF-A3D6-4D68-804E-2FB6DF87FF76}.Release|Any CPU.Build.0 = Release|Any CPU
		{F8D33ED6-8B10-42C9-A505-682F62AE1610}.Debug|Any CPU.ActiveCfg = Debug|Any CPU
		{F8D33ED6-8B10-42C9-A505-682F62AE1610}.Debug|Any CPU.Build.0 = Debug|Any CPU
		{F8D33ED6-8B10-42C9-A505-682F62AE1610}.Release|Any CPU.ActiveCfg = Release|Any CPU
		{F8D33ED6-8B10-42C9-A505-682F62AE1610}.Release|Any CPU.Build.0 = Release|Any CPU
	EndGlobalSection
	GlobalSection(SolutionProperties) = preSolution
		HideSolutionNode = FALSE
	EndGlobalSection
	GlobalSection(ExtensibilityGlobals) = postSolution
		SolutionGuid = {AD908D12-B07E-4D04-832E-12E07106AD26}
	EndGlobalSection
EndGlobal
